{
  "version": 4,
  "terraform_version": "1.14.6",
  "serial": 91,
  "lineage": "387e0128-7818-bd5e-f9a8-c5ef3d942ac4",
  "outputs": {
    "backend_instance_id": {
      "value": "i-00652f897330431b5",
      "type": "string"
    },
    "frontend_instance_id": {
      "value": "i-09c866a9d3d0af6e1",
      "type": "string"
    }
  },
  "resources": [
    {
      "mode": "data",
      "type": "aws_ami",
      "name": "amazon_linux",
      "provider": "provider[\"registry.terraform.io/hashicorp/aws\"]",
      "instances": [
        {
          "schema_version": 0,
          "attributes": {
            "architecture": "x86_64",
            "arn": "arn:aws:ec2:eu-north-1::image/ami-017535a27f2ac0ce3",
            "block_device_mappings": [
              {
                "device_name": "/dev/xvda",
                "ebs": {
                  "delete_on_termination": "true",
                  "encrypted": "false",
                  "iops": "0",
                  "snapshot_id": "snap-0b55bd0ff5de68ae4",
                  "throughput": "0",
                  "volume_initialization_rate": "0",
                  "volume_size": "8",
                  "volume_type": "gp2"
                },
                "no_device": "",
                "virtual_name": ""
              }
            ],
            "boot_mode": "",
            "creation_date": "2026-02-13T22:44:11.000Z",
            "deprecation_time": "2026-05-15T01:06:00.000Z",
            "description": "Amazon Linux 2 AMI 2.0.20260216.0 x86_64 HVM gp2",
            "ena_support": true,
            "executable_users": null,
            "filter": [
              {
                "name": "name",
                "values": [
                  "amzn2-ami-hvm-*-x86_64-gp2"
                ]
              },
              {
                "name": "state",
                "values": [
                  "available"
                ]
              }
            ],
            "hypervisor": "xen",
            "id": "ami-017535a27f2ac0ce3",
            "image_id": "ami-017535a27f2ac0ce3",
            "image_location": "amazon/amzn2-ami-hvm-2.0.20260216.0-x86_64-gp2",
            "image_owner_alias": "amazon",
            "image_type": "machine",
            "imds_support": "",
            "include_deprecated": false,
            "kernel_id": "",
            "last_launched_time": "",
            "most_recent": true,
            "name": "amzn2-ami-hvm-2.0.20260216.0-x86_64-gp2",
            "name_regex": null,
            "owner_id": "137112412989",
            "owners": [
              "amazon"
            ],
            "platform": "",
            "platform_details": "Linux/UNIX",
            "product_codes": [],
            "public": true,
            "ramdisk_id": "",
            "root_device_name": "/dev/xvda",
            "root_device_type": "ebs",
            "root_snapshot_id": "snap-0b55bd0ff5de68ae4",
            "sriov_net_support": "simple",
            "state": "available",
            "state_reason": {
              "code": "UNSET",
              "message": "UNSET"
            },
            "tags": {},
            "timeouts": null,
            "tpm_support": "",
            "uefi_data": null,
            "usage_operation": "RunInstances",
            "virtualization_type": "hvm"
          },
          "sensitive_attributes": [],
          "identity_schema_version": 0
        }
      ]
    },
    {
      "mode": "data",
      "type": "aws_caller_identity",
      "name": "current",
      "provider": "provider[\"registry.terraform.io/hashicorp/aws\"]",
      "instances": [
        {
          "schema_version": 0,
          "attributes": {
            "account_id": "649419331748",
            "arn": "arn:aws:iam::649419331748:user/ai4devs-pipeline",
            "id": "649419331748",
            "user_id": "AIDAZONDITCSACX5REJFG"
          },
          "sensitive_attributes": [],
          "identity_schema_version": 0
        }
      ]
    },
    {
      "mode": "data",
      "type": "aws_iam_policy_document",
      "name": "s3_access_policy",
      "provider": "provider[\"registry.terraform.io/hashicorp/aws\"]",
      "instances": [
        {
          "schema_version": 0,
          "attributes": {
            "id": "4257550240",
            "json": "{\n  \"Version\": \"2012-10-17\",\n  \"Statement\": [\n    {\n      \"Effect\": \"Allow\",\n      \"Action\": \"s3:GetObject\",\n      \"Resource\": \"arn:aws:s3:::lti-project-code-bucket-vsl/*\"\n    }\n  ]\n}",
            "minified_json": "{\"Version\":\"2012-10-17\",\"Statement\":[{\"Effect\":\"Allow\",\"Action\":\"s3:GetObject\",\"Resource\":\"arn:aws:s3:::lti-project-code-bucket-vsl/*\"}]}",
            "override_json": null,
            "override_policy_documents": null,
            "policy_id": null,
            "source_json": null,
            "source_policy_documents": null,
            "statement": [
              {
                "actions": [
                  "s3:GetObject"
                ],
                "condition": [],
                "effect": "Allow",
                "not_actions": [],
                "not_principals": [],
                "not_resources": [],
                "principals": [],
                "resources": [
                  "arn:aws:s3:::lti-project-code-bucket-vsl/*"
                ],
                "sid": ""
              }
            ],
            "version": "2012-10-17"
          },
          "sensitive_attributes": [],
          "identity_schema_version": 0
        }
      ]
    },
    {
      "mode": "data",
      "type": "aws_instances",
      "name": "all",
      "provider": "provider[\"registry.terraform.io/hashicorp/aws\"]",
      "instances": [
        {
          "schema_version": 0,
          "attributes": {
            "filter": [
              {
                "name": "instance-state-name",
                "values": [
                  "running"
                ]
              }
            ],
            "id": "eu-north-1",
            "ids": [
              "i-04eb2c743e29fbe6b"
            ],
            "instance_state_names": null,
            "instance_tags": null,
            "ipv6_addresses": [],
            "private_ips": [
              "172.31.42.91"
            ],
            "public_ips": [
              "16.171.11.87"
            ],
            "timeouts": null
          },
          "sensitive_attributes": [],
          "identity_schema_version": 0
        }
      ]
    },
    {
      "mode": "managed",
      "type": "aws_iam_instance_profile",
      "name": "ec2_instance_profile",
      "provider": "provider[\"registry.terraform.io/hashicorp/aws\"]",
      "instances": [
        {
          "schema_version": 0,
          "attributes": {
            "arn": "arn:aws:iam::649419331748:instance-profile/lti-project-ec2-instance-profile",
            "create_date": "2026-03-03T10:04:45Z",
            "id": "lti-project-ec2-instance-profile",
            "name": "lti-project-ec2-instance-profile",
            "name_prefix": "",
            "path": "/",
            "role": "lti-project-ec2-role",
            "tags": {},
            "tags_all": {},
            "unique_id": "AIPAZONDITCSOTS4SAW33"
          },
          "sensitive_attributes": [],
          "identity_schema_version": 0,
          "private": "bnVsbA==",
          "dependencies": [
            "aws_iam_role.ec2_role"
          ]
        }
      ]
    },
    {
      "mode": "managed",
      "type": "aws_iam_policy",
      "name": "datadog_policy",
      "provider": "provider[\"registry.terraform.io/hashicorp/aws\"]",
      "instances": [
        {
          "schema_version": 0,
          "attributes": {
            "arn": "arn:aws:iam::649419331748:policy/DatadogPolicy",
            "attachment_count": 1,
            "description": "Política para permitir a Datadog acceder a CloudWatch",
            "id": "arn:aws:iam::649419331748:policy/DatadogPolicy",
            "name": "DatadogPolicy",
            "name_prefix": "",
            "path": "/",
            "policy": "{\"Statement\":[{\"Action\":[\"cloudwatch:GetMetricData\",\"cloudwatch:ListMetrics\",\"ec2:DescribeInstances\",\"logs:DescribeLogGroups\",\"logs:DescribeLogStreams\",\"logs:GetLogEvents\",\"logs:FilterLogEvents\",\"tag:GetResources\",\"tag:GetTagKeys\",\"tag:GetTagValues\"],\"Effect\":\"Allow\",\"Resource\":\"*\"}],\"Version\":\"2012-10-17\"}",
            "policy_id": "ANPAZONDITCSGMEOYABKB",
            "tags": {},
            "tags_all": {}
          },
          "sensitive_attributes": [],
          "identity_schema_version": 0,
          "private": "bnVsbA=="
        }
      ]
    },
    {
      "mode": "managed",
      "type": "aws_iam_policy",
      "name": "s3_access_policy",
      "provider": "provider[\"registry.terraform.io/hashicorp/aws\"]",
      "instances": [
        {
          "schema_version": 0,
          "attributes": {
            "arn": "arn:aws:iam::649419331748:policy/s3-access-policy",
            "attachment_count": 0,
            "description": "",
            "id": "arn:aws:iam::649419331748:policy/s3-access-policy",
            "name": "s3-access-policy",
            "name_prefix": "",
            "path": "/",
            "policy": "{\"Statement\":[{\"Action\":\"s3:GetObject\",\"Effect\":\"Allow\",\"Resource\":\"arn:aws:s3:::lti-project-code-bucket-vsl/*\"}],\"Version\":\"2012-10-17\"}",
            "policy_id": "ANPAZONDITCSPXDXPS6E6",
            "tags": null,
            "tags_all": {}
          },
          "sensitive_attributes": [],
          "identity_schema_version": 0,
          "private": "bnVsbA==",
          "dependencies": [
            "aws_s3_bucket.code_bucket",
            "data.aws_iam_policy_document.s3_access_policy"
          ]
        }
      ]
    },
    {
      "mode": "managed",
      "type": "aws_iam_role",
      "name": "datadog_integration_role",
      "provider": "provider[\"registry.terraform.io/hashicorp/aws\"]",
      "instances": [
        {
          "schema_version": 0,
          "attributes": {
            "arn": "arn:aws:iam::649419331748:role/DatadogIntegrationRole",
            "assume_role_policy": "{\"Statement\":[{\"Action\":\"sts:AssumeRole\",\"Condition\":{\"StringEquals\":{\"sts:ExternalId\":\"bbd7352843fd431ca1c728e5110f5325\"}},\"Effect\":\"Allow\",\"Principal\":{\"AWS\":\"arn:aws:iam::464622532012:root\"}}],\"Version\":\"2012-10-17\"}",
            "create_date": "2026-03-03T10:04:46Z",
            "description": "",
            "force_detach_policies": false,
            "id": "DatadogIntegrationRole",
            "inline_policy": [],
            "managed_policy_arns": [
              "arn:aws:iam::649419331748:policy/DatadogPolicy"
            ],
            "max_session_duration": 3600,
            "name": "DatadogIntegrationRole",
            "name_prefix": "",
            "path": "/",
            "permissions_boundary": "",
            "tags": {},
            "tags_all": {},
            "unique_id": "AROAZONDITCSJN3BRT6EL"
          },
          "sensitive_attributes": [],
          "identity_schema_version": 0,
          "private": "bnVsbA==",
          "dependencies": [
            "data.aws_caller_identity.current",
            "datadog_integration_aws.aws_integration"
          ]
        }
      ]
    },
    {
      "mode": "managed",
      "type": "aws_iam_role",
      "name": "ec2_role",
      "provider": "provider[\"registry.terraform.io/hashicorp/aws\"]",
      "instances": [
        {
          "schema_version": 0,
          "attributes": {
            "arn": "arn:aws:iam::649419331748:role/lti-project-ec2-role",
            "assume_role_policy": "{\"Statement\":[{\"Action\":\"sts:AssumeRole\",\"Effect\":\"Allow\",\"Principal\":{\"Service\":\"ec2.amazonaws.com\"},\"Sid\":\"\"}],\"Version\":\"2012-10-17\"}",
            "create_date": "2026-03-03T10:04:44Z",
            "description": "",
            "force_detach_policies": false,
            "id": "lti-project-ec2-role",
            "inline_policy": [],
            "managed_policy_arns": [],
            "max_session_duration": 3600,
            "name": "lti-project-ec2-role",
            "name_prefix": "",
            "path": "/",
            "permissions_boundary": "",
            "tags": {},
            "tags_all": {},
            "unique_id": "AROAZONDITCSO32266ULF"
          },
          "sensitive_attributes": [],
          "identity_schema_version": 0,
          "private": "bnVsbA=="
        }
      ]
    },
    {
      "mode": "managed",
      "type": "aws_iam_role_policy_attachment",
      "name": "attach_s3_access_policy",
      "provider": "provider[\"registry.terraform.io/hashicorp/aws\"]",
      "instances": [
        {
          "schema_version": 0,
          "attributes": {
            "id": "lti-project-ec2-role-20260303100803586300000003",
            "policy_arn": "arn:aws:iam::649419331748:policy/s3-access-policy",
            "role": "lti-project-ec2-role"
          },
          "sensitive_attributes": [],
          "identity_schema_version": 0,
          "private": "bnVsbA==",
          "dependencies": [
            "aws_iam_policy.s3_access_policy",
            "aws_iam_role.ec2_role",
            "aws_s3_bucket.code_bucket",
            "data.aws_iam_policy_document.s3_access_policy"
          ]
        }
      ]
    },
    {
      "mode": "managed",
      "type": "aws_iam_role_policy_attachment",
      "name": "datadog_integration_policy",
      "provider": "provider[\"registry.terraform.io/hashicorp/aws\"]",
      "instances": [
        {
          "schema_version": 0,
          "attributes": {
            "id": "DatadogIntegrationRole-20260303100446418000000001",
            "policy_arn": "arn:aws:iam::649419331748:policy/DatadogPolicy",
            "role": "DatadogIntegrationRole"
          },
          "sensitive_attributes": [],
          "identity_schema_version": 0,
          "private": "bnVsbA==",
          "dependencies": [
            "aws_iam_policy.datadog_policy",
            "aws_iam_role.datadog_integration_role",
            "data.aws_caller_identity.current",
            "datadog_integration_aws.aws_integration"
          ]
        }
      ]
    },
    {
      "mode": "managed",
      "type": "aws_instance",
      "name": "backend",
      "provider": "provider[\"registry.terraform.io/hashicorp/aws\"]",
      "instances": [
        {
          "schema_version": 1,
          "attributes": {
            "ami": "ami-017535a27f2ac0ce3",
            "arn": "arn:aws:ec2:eu-north-1:649419331748:instance/i-00652f897330431b5",
            "associate_public_ip_address": true,
            "availability_zone": "eu-north-1a",
            "capacity_reservation_specification": [
              {
                "capacity_reservation_preference": "open",
                "capacity_reservation_target": []
              }
            ],
            "cpu_core_count": 1,
            "cpu_options": [
              {
                "amd_sev_snp": "",
                "core_count": 1,
                "threads_per_core": 2
              }
            ],
            "cpu_threads_per_core": 2,
            "credit_specification": [
              {
                "cpu_credits": "unlimited"
              }
            ],
            "disable_api_stop": false,
            "disable_api_termination": false,
            "ebs_block_device": [],
            "ebs_optimized": false,
            "enable_primary_ipv6": null,
            "enclave_options": [
              {
                "enabled": false
              }
            ],
            "ephemeral_block_device": [],
            "get_password_data": false,
            "hibernation": false,
            "host_id": "",
            "host_resource_group_arn": null,
            "iam_instance_profile": "lti-project-ec2-instance-profile",
            "id": "i-00652f897330431b5",
            "instance_initiated_shutdown_behavior": "stop",
            "instance_lifecycle": "",
            "instance_market_options": [],
            "instance_state": "running",
            "instance_type": "t3.micro",
            "ipv6_address_count": 0,
            "ipv6_addresses": [],
            "key_name": "",
            "launch_template": [],
            "maintenance_options": [
              {
                "auto_recovery": "default"
              }
            ],
            "metadata_options": [
              {
                "http_endpoint": "enabled",
                "http_protocol_ipv6": "disabled",
                "http_put_response_hop_limit": 1,
                "http_tokens": "optional",
                "instance_metadata_tags": "disabled"
              }
            ],
            "monitoring": false,
            "network_interface": [],
            "outpost_arn": "",
            "password_data": "",
            "placement_group": "",
            "placement_partition_number": 0,
            "primary_network_interface_id": "eni-0017f3c092d62a69a",
            "private_dns": "ip-172-31-17-81.eu-north-1.compute.internal",
            "private_dns_name_options": [
              {
                "enable_resource_name_dns_a_record": false,
                "enable_resource_name_dns_aaaa_record": false,
                "hostname_type": "ip-name"
              }
            ],
            "private_ip": "172.31.17.81",
            "public_dns": "ec2-51-20-124-66.eu-north-1.compute.amazonaws.com",
            "public_ip": "51.20.124.66",
            "root_block_device": [
              {
                "delete_on_termination": true,
                "device_name": "/dev/xvda",
                "encrypted": false,
                "iops": 100,
                "kms_key_id": "",
                "tags": {},
                "tags_all": {},
                "throughput": 0,
                "volume_id": "vol-0ab0024b02ab20dcb",
                "volume_size": 8,
                "volume_type": "gp2"
              }
            ],
            "secondary_private_ips": [],
            "security_groups": [
              "lti-project-backend-sg"
            ],
            "source_dest_check": true,
            "spot_instance_request_id": "",
            "subnet_id": "subnet-068d13e1f6c61c962",
            "tags": {
              "Datadog": "true",
              "Name": "lti-project-backend"
            },
            "tags_all": {
              "Datadog": "true",
              "Name": "lti-project-backend"
            },
            "tenancy": "default",
            "timeouts": null,
            "user_data": "3ceaeb9b63a529dec8058d41a654f53b1cb99e0a",
            "user_data_base64": null,
            "user_data_replace_on_change": false,
            "volume_tags": null,
            "vpc_security_group_ids": [
              "sg-09b77917fb755bdbf"
            ]
          },
          "sensitive_attributes": [
            [
              {
                "type": "get_attr",
                "value": "user_data"
              }
            ]
          ],
          "identity_schema_version": 0,
          "private": "eyJlMmJmYjczMC1lY2FhLTExZTYtOGY4OC0zNDM2M2JjN2M0YzAiOnsiY3JlYXRlIjo2MDAwMDAwMDAwMDAsImRlbGV0ZSI6MTIwMDAwMDAwMDAwMCwicmVhZCI6OTAwMDAwMDAwMDAwLCJ1cGRhdGUiOjYwMDAwMDAwMDAwMH0sInNjaGVtYV92ZXJzaW9uIjoiMSJ9",
          "dependencies": [
            "aws_iam_instance_profile.ec2_instance_profile",
            "aws_iam_role.ec2_role",
            "aws_security_group.backend_sg",
            "data.aws_ami.amazon_linux"
          ]
        }
      ]
    },
    {
      "mode": "managed",
      "type": "aws_instance",
      "name": "frontend",
      "provider": "provider[\"registry.terraform.io/hashicorp/aws\"]",
      "instances": [
        {
          "schema_version": 1,
          "attributes": {
            "ami": "ami-017535a27f2ac0ce3",
            "arn": "arn:aws:ec2:eu-north-1:649419331748:instance/i-09c866a9d3d0af6e1",
            "associate_public_ip_address": true,
            "availability_zone": "eu-north-1b",
            "capacity_reservation_specification": [
              {
                "capacity_reservation_preference": "open",
                "capacity_reservation_target": []
              }
            ],
            "cpu_core_count": 1,
            "cpu_options": [
              {
                "amd_sev_snp": "",
                "core_count": 1,
                "threads_per_core": 2
              }
            ],
            "cpu_threads_per_core": 2,
            "credit_specification": [
              {
                "cpu_credits": "unlimited"
              }
            ],
            "disable_api_stop": false,
            "disable_api_termination": false,
            "ebs_block_device": [],
            "ebs_optimized": false,
            "enable_primary_ipv6": null,
            "enclave_options": [
              {
                "enabled": false
              }
            ],
            "ephemeral_block_device": [],
            "get_password_data": false,
            "hibernation": false,
            "host_id": "",
            "host_resource_group_arn": null,
            "iam_instance_profile": "lti-project-ec2-instance-profile",
            "id": "i-09c866a9d3d0af6e1",
            "instance_initiated_shutdown_behavior": "stop",
            "instance_lifecycle": "",
            "instance_market_options": [],
            "instance_state": "running",
            "instance_type": "t3.micro",
            "ipv6_address_count": 0,
            "ipv6_addresses": [],
            "key_name": "",
            "launch_template": [],
            "maintenance_options": [
              {
                "auto_recovery": "default"
              }
            ],
            "metadata_options": [
              {
                "http_endpoint": "enabled",
                "http_protocol_ipv6": "disabled",
                "http_put_response_hop_limit": 1,
                "http_tokens": "optional",
                "instance_metadata_tags": "disabled"
              }
            ],
            "monitoring": false,
            "network_interface": [],
            "outpost_arn": "",
            "password_data": "",
            "placement_group": "",
            "placement_partition_number": 0,
            "primary_network_interface_id": "eni-0f8b8f7527b267d0e",
            "private_dns": "ip-172-31-41-56.eu-north-1.compute.internal",
            "private_dns_name_options": [
              {
                "enable_resource_name_dns_a_record": false,
                "enable_resource_name_dns_aaaa_record": false,
                "hostname_type": "ip-name"
              }
            ],
            "private_ip": "172.31.41.56",
            "public_dns": "ec2-13-61-174-163.eu-north-1.compute.amazonaws.com",
            "public_ip": "13.61.174.163",
            "root_block_device": [
              {
                "delete_on_termination": true,
                "device_name": "/dev/xvda",
                "encrypted": false,
                "iops": 100,
                "kms_key_id": "",
                "tags": {},
                "tags_all": {},
                "throughput": 0,
                "volume_id": "vol-020b2fd99deecba59",
                "volume_size": 8,
                "volume_type": "gp2"
              }
            ],
            "secondary_private_ips": [],
            "security_groups": [
              "lti-project-frontend-sg"
            ],
            "source_dest_check": true,
            "spot_instance_request_id": "",
            "subnet_id": "subnet-0df62b4c8379a4d23",
            "tags": {
              "Datadog": "true",
              "Name": "lti-project-frontend"
            },
            "tags_all": {
              "Datadog": "true",
              "Name": "lti-project-frontend"
            },
            "tenancy": "default",
            "timeouts": null,
            "user_data": "9b8bddab3b1103b1f3b1e593a0c0d10153a8c519",
            "user_data_base64": null,
            "user_data_replace_on_change": false,
            "volume_tags": null,
            "vpc_security_group_ids": [
              "sg-0bba5e5d2d1511024"
            ]
          },
          "sensitive_attributes": [
            [
              {
                "type": "get_attr",
                "value": "user_data"
              }
            ]
          ],
          "identity_schema_version": 0,
          "private": "eyJlMmJmYjczMC1lY2FhLTExZTYtOGY4OC0zNDM2M2JjN2M0YzAiOnsiY3JlYXRlIjo2MDAwMDAwMDAwMDAsImRlbGV0ZSI6MTIwMDAwMDAwMDAwMCwicmVhZCI6OTAwMDAwMDAwMDAwLCJ1cGRhdGUiOjYwMDAwMDAwMDAwMH0sInNjaGVtYV92ZXJzaW9uIjoiMSJ9",
          "dependencies": [
            "aws_iam_instance_profile.ec2_instance_profile",
            "aws_iam_role.ec2_role",
            "aws_security_group.frontend_sg",
            "data.aws_ami.amazon_linux"
          ]
        }
      ]
    },
    {
      "mode": "managed",
      "type": "aws_s3_bucket",
      "name": "code_bucket",
      "provider": "provider[\"registry.terraform.io/hashicorp/aws\"]",
      "instances": [
        {
          "schema_version": 0,
          "attributes": {
            "acceleration_status": "",
            "acl": "private",
            "arn": "arn:aws:s3:::lti-project-code-bucket-vsl",
            "bucket": "lti-project-code-bucket-vsl",
            "bucket_domain_name": "lti-project-code-bucket-vsl.s3.amazonaws.com",
            "bucket_prefix": "",
            "bucket_regional_domain_name": "lti-project-code-bucket-vsl.s3.eu-north-1.amazonaws.com",
            "cors_rule": [],
            "force_destroy": false,
            "grant": [
              {
                "id": "18058c9627051fed5b1a53a2ed5776a8f9681fc31e4c8d4d90dfff6883a7f84c",
                "permissions": [
                  "FULL_CONTROL"
                ],
                "type": "CanonicalUser",
                "uri": ""
              }
            ],
            "hosted_zone_id": "Z3BAZG2TWCNX0D",
            "id": "lti-project-code-bucket-vsl",
            "lifecycle_rule": [],
            "logging": [],
            "object_lock_configuration": [],
            "object_lock_enabled": false,
            "policy": "",
            "region": "eu-north-1",
            "replication_configuration": [],
            "request_payer": "BucketOwner",
            "server_side_encryption_configuration": [
              {
                "rule": [
                  {
                    "apply_server_side_encryption_by_default": [
                      {
                        "kms_master_key_id": "",
                        "sse_algorithm": "AES256"
                      }
                    ],
                    "bucket_key_enabled": false
                  }
                ]
              }
            ],
            "tags": null,
            "tags_all": {},
            "timeouts": null,
            "versioning": [
              {
                "enabled": false,
                "mfa_delete": false
              }
            ],
            "website": [],
            "website_domain": null,
            "website_endpoint": null
          },
          "sensitive_attributes": [],
          "identity_schema_version": 0,
          "private": "eyJlMmJmYjczMC1lY2FhLTExZTYtOGY4OC0zNDM2M2JjN2M0YzAiOnsiY3JlYXRlIjoxMjAwMDAwMDAwMDAwLCJkZWxldGUiOjM2MDAwMDAwMDAwMDAsInJlYWQiOjEyMDAwMDAwMDAwMDAsInVwZGF0ZSI6MTIwMDAwMDAwMDAwMH19"
        }
      ]
    },
    {
      "mode": "managed",
      "type": "aws_s3_bucket_object",
      "name": "backend_zip",
      "provider": "provider[\"registry.terraform.io/hashicorp/aws\"]",
      "instances": [
        {
          "schema_version": 0,
          "attributes": {
            "acl": "private",
            "arn": "arn:aws:s3:::lti-project-code-bucket-vsl/backend.zip",
            "bucket": "lti-project-code-bucket-vsl",
            "bucket_key_enabled": false,
            "cache_control": "",
            "content": null,
            "content_base64": null,
            "content_disposition": "",
            "content_encoding": "",
            "content_language": "",
            "content_type": "application/octet-stream",
            "etag": "733be52824c6c6f3b4dd53fb553a051c",
            "force_destroy": false,
            "id": "backend.zip",
            "key": "backend.zip",
            "kms_key_id": null,
            "metadata": null,
            "object_lock_legal_hold_status": "",
            "object_lock_mode": "",
            "object_lock_retain_until_date": "",
            "server_side_encryption": "AES256",
            "source": "../backend.zip",
            "source_hash": null,
            "storage_class": "STANDARD",
            "tags": null,
            "tags_all": {},
            "version_id": "",
            "website_redirect": ""
          },
          "sensitive_attributes": [],
          "identity_schema_version": 0,
          "private": "bnVsbA==",
          "dependencies": [
            "aws_s3_bucket.code_bucket",
            "null_resource.generate_zip"
          ]
        }
      ]
    },
    {
      "mode": "managed",
      "type": "aws_s3_bucket_object",
      "name": "frontend_zip",
      "provider": "provider[\"registry.terraform.io/hashicorp/aws\"]",
      "instances": [
        {
          "schema_version": 0,
          "attributes": {
            "acl": "private",
            "arn": "arn:aws:s3:::lti-project-code-bucket-vsl/frontend.zip",
            "bucket": "lti-project-code-bucket-vsl",
            "bucket_key_enabled": false,
            "cache_control": "",
            "content": null,
            "content_base64": null,
            "content_disposition": "",
            "content_encoding": "",
            "content_language": "",
            "content_type": "application/octet-stream",
            "etag": "b43637823b460710665a3181ca89f4e9",
            "force_destroy": false,
            "id": "frontend.zip",
            "key": "frontend.zip",
            "kms_key_id": null,
            "metadata": null,
            "object_lock_legal_hold_status": "",
            "object_lock_mode": "",
            "object_lock_retain_until_date": "",
            "server_side_encryption": "AES256",
            "source": "../frontend.zip",
            "source_hash": null,
            "storage_class": "STANDARD",
            "tags": null,
            "tags_all": {},
            "version_id": "",
            "website_redirect": ""
          },
          "sensitive_attributes": [],
          "identity_schema_version": 0,
          "private": "bnVsbA==",
          "dependencies": [
            "aws_s3_bucket.code_bucket",
            "null_resource.generate_zip"
          ]
        }
      ]
    },
    {
      "mode": "managed",
      "type": "aws_security_group",
      "name": "backend_sg",
      "provider": "provider[\"registry.terraform.io/hashicorp/aws\"]",
      "instances": [
        {
          "schema_version": 1,
          "attributes": {
            "arn": "arn:aws:ec2:eu-north-1:649419331748:security-group/sg-09b77917fb755bdbf",
            "description": "Allow HTTP and SSH access",
            "egress": [
              {
                "cidr_blocks": [
                  "0.0.0.0/0"
                ],
                "description": "",
                "from_port": 0,
                "ipv6_cidr_blocks": [],
                "prefix_list_ids": [],
                "protocol": "-1",
                "security_groups": [],
                "self": false,
                "to_port": 0
              }
            ],
            "id": "sg-09b77917fb755bdbf",
            "ingress": [
              {
                "cidr_blocks": [
                  "0.0.0.0/0"
                ],
                "description": "",
                "from_port": 22,
                "ipv6_cidr_blocks": [],
                "prefix_list_ids": [],
                "protocol": "tcp",
                "security_groups": [],
                "self": false,
                "to_port": 22
              },
              {
                "cidr_blocks": [
                  "0.0.0.0/0"
                ],
                "description": "",
                "from_port": 8080,
                "ipv6_cidr_blocks": [],
                "prefix_list_ids": [],
                "protocol": "tcp",
                "security_groups": [],
                "self": false,
                "to_port": 8080
              }
            ],
            "name": "lti-project-backend-sg",
            "name_prefix": "",
            "owner_id": "649419331748",
            "revoke_rules_on_delete": false,
            "tags": {},
            "tags_all": {},
            "timeouts": null,
            "vpc_id": "vpc-0a6fb9b6432ad4e9a"
          },
          "sensitive_attributes": [],
          "identity_schema_version": 0,
          "private": "eyJlMmJmYjczMC1lY2FhLTExZTYtOGY4OC0zNDM2M2JjN2M0YzAiOnsiY3JlYXRlIjo2MDAwMDAwMDAwMDAsImRlbGV0ZSI6OTAwMDAwMDAwMDAwfSwic2NoZW1hX3ZlcnNpb24iOiIxIn0="
        }
      ]
    },
    {
      "mode": "managed",
      "type": "aws_security_group",
      "name": "frontend_sg",
      "provider": "provider[\"registry.terraform.io/hashicorp/aws\"]",
      "instances": [
        {
          "schema_version": 1,
          "attributes": {
            "arn": "arn:aws:ec2:eu-north-1:649419331748:security-group/sg-0bba5e5d2d1511024",
            "description": "Allow HTTP and SSH access",
            "egress": [
              {
                "cidr_blocks": [
                  "0.0.0.0/0"
                ],
                "description": "",
                "from_port": 0,
                "ipv6_cidr_blocks": [],
                "prefix_list_ids": [],
                "protocol": "-1",
                "security_groups": [],
                "self": false,
                "to_port": 0
              }
            ],
            "id": "sg-0bba5e5d2d1511024",
            "ingress": [
              {
                "cidr_blocks": [
                  "0.0.0.0/0"
                ],
                "description": "",
                "from_port": 22,
                "ipv6_cidr_blocks": [],
                "prefix_list_ids": [],
                "protocol": "tcp",
                "security_groups": [],
                "self": false,
                "to_port": 22
              },
              {
                "cidr_blocks": [
                  "0.0.0.0/0"
                ],
                "description": "",
                "from_port": 3000,
                "ipv6_cidr_blocks": [],
                "prefix_list_ids": [],
                "protocol": "tcp",
                "security_groups": [],
                "self": false,
                "to_port": 3000
              }
            ],
            "name": "lti-project-frontend-sg",
            "name_prefix": "",
            "owner_id": "649419331748",
            "revoke_rules_on_delete": false,
            "tags": {},
            "tags_all": {},
            "timeouts": null,
            "vpc_id": "vpc-0a6fb9b6432ad4e9a"
          },
          "sensitive_attributes": [],
          "identity_schema_version": 0,
          "private": "eyJlMmJmYjczMC1lY2FhLTExZTYtOGY4OC0zNDM2M2JjN2M0YzAiOnsiY3JlYXRlIjo2MDAwMDAwMDAwMDAsImRlbGV0ZSI6OTAwMDAwMDAwMDAwfSwic2NoZW1hX3ZlcnNpb24iOiIxIn0="
        }
      ]
    },
    {
      "mode": "managed",
      "type": "datadog_dashboard",
      "name": "ec2_dashboard",
      "provider": "provider[\"registry.terraform.io/datadog/datadog\"]",
      "instances": [
        {
          "schema_version": 0,
          "attributes": {
            "dashboard_lists": null,
            "dashboard_lists_removed": [],
            "description": "Dashboard para monitorizar instancias EC2 del proyecto LTI",
            "id": "h84-6h7-x4n",
            "is_read_only": false,
            "layout_type": "ordered",
            "notify_list": [],
            "reflow_type": "",
            "restricted_roles": [],
            "tags": [],
            "template_variable": [],
            "template_variable_preset": [],
            "title": "EC2 Monitoring Dashboard - LTI Project",
            "url": "/dashboard/h84-6h7-x4n/ec2-monitoring-dashboard---lti-project",
            "widget": [
              {
                "alert_graph_definition": [],
                "alert_value_definition": [],
                "change_definition": [],
                "check_status_definition": [],
                "distribution_definition": [],
                "event_stream_definition": [],
                "event_timeline_definition": [],
                "free_text_definition": [],
                "geomap_definition": [],
                "group_definition": [
                  {
                    "background_color": "",
                    "banner_img": "",
                    "layout_type": "ordered",
                    "show_title": true,
                    "title": "CPU Metrics",
                    "widget": [
                      {
                        "alert_graph_definition": [],
                        "alert_value_definition": [],
                        "change_definition": [],
                        "check_status_definition": [],
                        "distribution_definition": [],
                        "event_stream_definition": [],
                        "event_timeline_definition": [],
                        "free_text_definition": [],
                        "geomap_definition": [],
                        "heatmap_definition": [],
                        "hostmap_definition": [],
                        "id": 4966566329998614,
                        "iframe_definition": [],
                        "image_definition": [],
                        "list_stream_definition": [],
                        "log_stream_definition": [],
                        "manage_status_definition": [],
                        "note_definition": [],
                        "powerpack_definition": [],
                        "query_table_definition": [],
                        "query_value_definition": [],
                        "run_workflow_definition": [],
                        "scatterplot_definition": [],
                        "service_level_objective_definition": [],
                        "servicemap_definition": [],
                        "slo_list_definition": [],
                        "split_graph_definition": [],
                        "sunburst_definition": [],
                        "timeseries_definition": [
                          {
                            "custom_link": [],
                            "event": [],
                            "hide_incomplete_cost_data": false,
                            "legend_columns": [],
                            "legend_layout": "",
                            "legend_size": "",
                            "live_span": "",
                            "marker": [],
                            "request": [
                              {
                                "apm_query": [],
                                "audit_query": [],
                                "display_type": "line",
                                "formula": [],
                                "log_query": [],
                                "metadata": [],
                                "network_query": [],
                                "on_right_yaxis": false,
                                "process_query": [],
                                "q": "avg:aws.ec2.cpuutilization{*} by {host}",
                                "query": [],
                                "rum_query": [],
                                "security_query": [],
                                "style": []
                              }
                            ],
                            "right_yaxis": [],
                            "show_legend": false,
                            "title": "CPU Utilization (%)",
                            "title_align": "",
                            "title_size": "",
                            "yaxis": []
                          }
                        ],
                        "toplist_definition": [],
                        "topology_map_definition": [],
                        "trace_service_definition": [],
                        "treemap_definition": [],
                        "widget_layout": []
                      }
                    ]
                  }
                ],
                "heatmap_definition": [],
                "hostmap_definition": [],
                "id": 5613299990611024,
                "iframe_definition": [],
                "image_definition": [],
                "list_stream_definition": [],
                "log_stream_definition": [],
                "manage_status_definition": [],
                "note_definition": [],
                "powerpack_definition": [],
                "query_table_definition": [],
                "query_value_definition": [],
                "run_workflow_definition": [],
                "scatterplot_definition": [],
                "service_level_objective_definition": [],
                "servicemap_definition": [],
                "slo_list_definition": [],
                "split_graph_definition": [],
                "sunburst_definition": [],
                "timeseries_definition": [],
                "toplist_definition": [],
                "topology_map_definition": [],
                "trace_service_definition": [],
                "treemap_definition": [],
                "widget_layout": []
              },
              {
                "alert_graph_definition": [],
                "alert_value_definition": [],
                "change_definition": [],
                "check_status_definition": [],
                "distribution_definition": [],
                "event_stream_definition": [],
                "event_timeline_definition": [],
                "free_text_definition": [],
                "geomap_definition": [],
                "group_definition": [
                  {
                    "background_color": "",
                    "banner_img": "",
                    "layout_type": "ordered",
                    "show_title": true,
                    "title": "System Metrics (Agent)",
                    "widget": [
                      {
                        "alert_graph_definition": [],
                        "alert_value_definition": [],
                        "change_definition": [],
                        "check_status_definition": [],
                        "distribution_definition": [],
                        "event_stream_definition": [],
                        "event_timeline_definition": [],
                        "free_text_definition": [],
                        "geomap_definition": [],
                        "heatmap_definition": [],
                        "hostmap_definition": [],
                        "id": 5748696530821641,
                        "iframe_definition": [],
                        "image_definition": [],
                        "list_stream_definition": [],
                        "log_stream_definition": [],
                        "manage_status_definition": [],
                        "note_definition": [],
                        "powerpack_definition": [],
                        "query_table_definition": [],
                        "query_value_definition": [],
                        "run_workflow_definition": [],
                        "scatterplot_definition": [],
                        "service_level_objective_definition": [],
                        "servicemap_definition": [],
                        "slo_list_definition": [],
                        "split_graph_definition": [],
                        "sunburst_definition": [],
                        "timeseries_definition": [
                          {
                            "custom_link": [],
                            "event": [],
                            "hide_incomplete_cost_data": false,
                            "legend_columns": [],
                            "legend_layout": "",
                            "legend_size": "",
                            "live_span": "",
                            "marker": [],
                            "request": [
                              {
                                "apm_query": [],
                                "audit_query": [],
                                "display_type": "line",
                                "formula": [],
                                "log_query": [],
                                "metadata": [],
                                "network_query": [],
                                "on_right_yaxis": false,
                                "process_query": [],
                                "q": "avg:system.mem.pct_usable{*} by {host}",
                                "query": [],
                                "rum_query": [],
                                "security_query": [],
                                "style": []
                              }
                            ],
                            "right_yaxis": [],
                            "show_legend": false,
                            "title": "Memory Usage (%)",
                            "title_align": "",
                            "title_size": "",
                            "yaxis": []
                          }
                        ],
                        "toplist_definition": [],
                        "topology_map_definition": [],
                        "trace_service_definition": [],
                        "treemap_definition": [],
                        "widget_layout": []
                      },
                      {
                        "alert_graph_definition": [],
                        "alert_value_definition": [],
                        "change_definition": [],
                        "check_status_definition": [],
                        "distribution_definition": [],
                        "event_stream_definition": [],
                        "event_timeline_definition": [],
                        "free_text_definition": [],
                        "geomap_definition": [],
                        "heatmap_definition": [],
                        "hostmap_definition": [],
                        "id": 8687484492457511,
                        "iframe_definition": [],
                        "image_definition": [],
                        "list_stream_definition": [],
                        "log_stream_definition": [],
                        "manage_status_definition": [],
                        "note_definition": [],
                        "powerpack_definition": [],
                        "query_table_definition": [],
                        "query_value_definition": [],
                        "run_workflow_definition": [],
                        "scatterplot_definition": [],
                        "service_level_objective_definition": [],
                        "servicemap_definition": [],
                        "slo_list_definition": [],
                        "split_graph_definition": [],
                        "sunburst_definition": [],
                        "timeseries_definition": [
                          {
                            "custom_link": [],
                            "event": [],
                            "hide_incomplete_cost_data": false,
                            "legend_columns": [],
                            "legend_layout": "",
                            "legend_size": "",
                            "live_span": "",
                            "marker": [],
                            "request": [
                              {
                                "apm_query": [],
                                "audit_query": [],
                                "display_type": "line",
                                "formula": [],
                                "log_query": [],
                                "metadata": [],
                                "network_query": [],
                                "on_right_yaxis": false,
                                "process_query": [],
                                "q": "avg:system.disk.in_use{*} by {host,device}",
                                "query": [],
                                "rum_query": [],
                                "security_query": [],
                                "style": []
                              }
                            ],
                            "right_yaxis": [],
                            "show_legend": false,
                            "title": "Disk Usage (%)",
                            "title_align": "",
                            "title_size": "",
                            "yaxis": []
                          }
                        ],
                        "toplist_definition": [],
                        "topology_map_definition": [],
                        "trace_service_definition": [],
                        "treemap_definition": [],
                        "widget_layout": []
                      },
                      {
                        "alert_graph_definition": [],
                        "alert_value_definition": [],
                        "change_definition": [],
                        "check_status_definition": [],
                        "distribution_definition": [],
                        "event_stream_definition": [],
                        "event_timeline_definition": [],
                        "free_text_definition": [],
                        "geomap_definition": [],
                        "heatmap_definition": [],
                        "hostmap_definition": [],
                        "id": 222209567783601,
                        "iframe_definition": [],
                        "image_definition": [],
                        "list_stream_definition": [],
                        "log_stream_definition": [],
                        "manage_status_definition": [],
                        "note_definition": [],
                        "powerpack_definition": [],
                        "query_table_definition": [],
                        "query_value_definition": [],
                        "run_workflow_definition": [],
                        "scatterplot_definition": [],
                        "service_level_objective_definition": [],
                        "servicemap_definition": [],
                        "slo_list_definition": [],
                        "split_graph_definition": [],
                        "sunburst_definition": [],
                        "timeseries_definition": [
                          {
                            "custom_link": [],
                            "event": [],
                            "hide_incomplete_cost_data": false,
                            "legend_columns": [],
                            "legend_layout": "",
                            "legend_size": "",
                            "live_span": "",
                            "marker": [],
                            "request": [
                              {
                                "apm_query": [],
                                "audit_query": [],
                                "display_type": "line",
                                "formula": [],
                                "log_query": [],
                                "metadata": [],
                                "network_query": [],
                                "on_right_yaxis": false,
                                "process_query": [],
                                "q": "avg:system.load.1{*} by {host}",
                                "query": [],
                                "rum_query": [],
                                "security_query": [],
                                "style": []
                              }
                            ],
                            "right_yaxis": [],
                            "show_legend": false,
                            "title": "System Load (1min)",
                            "title_align": "",
                            "title_size": "",
                            "yaxis": []
                          }
                        ],
                        "toplist_definition": [],
                        "topology_map_definition": [],
                        "trace_service_definition": [],
                        "treemap_definition": [],
                        "widget_layout": []
                      }
                    ]
                  }
                ],
                "heatmap_definition": [],
                "hostmap_definition": [],
                "id": 8090612307957570,
                "iframe_definition": [],
                "image_definition": [],
                "list_stream_definition": [],
                "log_stream_definition": [],
                "manage_status_definition": [],
                "note_definition": [],
                "powerpack_definition": [],
                "query_table_definition": [],
                "query_value_definition": [],
                "run_workflow_definition": [],
                "scatterplot_definition": [],
                "service_level_objective_definition": [],
                "servicemap_definition": [],
                "slo_list_definition": [],
                "split_graph_definition": [],
                "sunburst_definition": [],
                "timeseries_definition": [],
                "toplist_definition": [],
                "topology_map_definition": [],
                "trace_service_definition": [],
                "treemap_definition": [],
                "widget_layout": []
              },
              {
                "alert_graph_definition": [],
                "alert_value_definition": [],
                "change_definition": [],
                "check_status_definition": [],
                "distribution_definition": [],
                "event_stream_definition": [],
                "event_timeline_definition": [],
                "free_text_definition": [],
                "geomap_definition": [],
                "group_definition": [
                  {
                    "background_color": "",
                    "banner_img": "",
                    "layout_type": "ordered",
                    "show_title": true,
                    "title": "Network Metrics",
                    "widget": [
                      {
                        "alert_graph_definition": [],
                        "alert_value_definition": [],
                        "change_definition": [],
                        "check_status_definition": [],
                        "distribution_definition": [],
                        "event_stream_definition": [],
                        "event_timeline_definition": [],
                        "free_text_definition": [],
                        "geomap_definition": [],
                        "heatmap_definition": [],
                        "hostmap_definition": [],
                        "id": 5697727678493765,
                        "iframe_definition": [],
                        "image_definition": [],
                        "list_stream_definition": [],
                        "log_stream_definition": [],
                        "manage_status_definition": [],
                        "note_definition": [],
                        "powerpack_definition": [],
                        "query_table_definition": [],
                        "query_value_definition": [],
                        "run_workflow_definition": [],
                        "scatterplot_definition": [],
                        "service_level_objective_definition": [],
                        "servicemap_definition": [],
                        "slo_list_definition": [],
                        "split_graph_definition": [],
                        "sunburst_definition": [],
                        "timeseries_definition": [
                          {
                            "custom_link": [],
                            "event": [],
                            "hide_incomplete_cost_data": false,
                            "legend_columns": [],
                            "legend_layout": "",
                            "legend_size": "",
                            "live_span": "",
                            "marker": [],
                            "request": [
                              {
                                "apm_query": [],
                                "audit_query": [],
                                "display_type": "area",
                                "formula": [],
                                "log_query": [],
                                "metadata": [],
                                "network_query": [],
                                "on_right_yaxis": false,
                                "process_query": [],
                                "q": "avg:aws.ec2.network_in{*} by {host}",
                                "query": [],
                                "rum_query": [],
                                "security_query": [],
                                "style": []
                              }
                            ],
                            "right_yaxis": [],
                            "show_legend": false,
                            "title": "Network In (bytes)",
                            "title_align": "",
                            "title_size": "",
                            "yaxis": []
                          }
                        ],
                        "toplist_definition": [],
                        "topology_map_definition": [],
                        "trace_service_definition": [],
                        "treemap_definition": [],
                        "widget_layout": []
                      },
                      {
                        "alert_graph_definition": [],
                        "alert_value_definition": [],
                        "change_definition": [],
                        "check_status_definition": [],
                        "distribution_definition": [],
                        "event_stream_definition": [],
                        "event_timeline_definition": [],
                        "free_text_definition": [],
                        "geomap_definition": [],
                        "heatmap_definition": [],
                        "hostmap_definition": [],
                        "id": 8429890725365319,
                        "iframe_definition": [],
                        "image_definition": [],
                        "list_stream_definition": [],
                        "log_stream_definition": [],
                        "manage_status_definition": [],
                        "note_definition": [],
                        "powerpack_definition": [],
                        "query_table_definition": [],
                        "query_value_definition": [],
                        "run_workflow_definition": [],
                        "scatterplot_definition": [],
                        "service_level_objective_definition": [],
                        "servicemap_definition": [],
                        "slo_list_definition": [],
                        "split_graph_definition": [],
                        "sunburst_definition": [],
                        "timeseries_definition": [
                          {
                            "custom_link": [],
                            "event": [],
                            "hide_incomplete_cost_data": false,
                            "legend_columns": [],
                            "legend_layout": "",
                            "legend_size": "",
                            "live_span": "",
                            "marker": [],
                            "request": [
                              {
                                "apm_query": [],
                                "audit_query": [],
                                "display_type": "area",
                                "formula": [],
                                "log_query": [],
                                "metadata": [],
                                "network_query": [],
                                "on_right_yaxis": false,
                                "process_query": [],
                                "q": "avg:aws.ec2.network_out{*} by {host}",
                                "query": [],
                                "rum_query": [],
                                "security_query": [],
                                "style": []
                              }
                            ],
                            "right_yaxis": [],
                            "show_legend": false,
                            "title": "Network Out (bytes)",
                            "title_align": "",
                            "title_size": "",
                            "yaxis": []
                          }
                        ],
                        "toplist_definition": [],
                        "topology_map_definition": [],
                        "trace_service_definition": [],
                        "treemap_definition": [],
                        "widget_layout": []
                      }
                    ]
                  }
                ],
                "heatmap_definition": [],
                "hostmap_definition": [],
                "id": 3178589074645778,
                "iframe_definition": [],
                "image_definition": [],
                "list_stream_definition": [],
                "log_stream_definition": [],
                "manage_status_definition": [],
                "note_definition": [],
                "powerpack_definition": [],
                "query_table_definition": [],
                "query_value_definition": [],
                "run_workflow_definition": [],
                "scatterplot_definition": [],
                "service_level_objective_definition": [],
                "servicemap_definition": [],
                "slo_list_definition": [],
                "split_graph_definition": [],
                "sunburst_definition": [],
                "timeseries_definition": [],
                "toplist_definition": [],
                "topology_map_definition": [],
                "trace_service_definition": [],
                "treemap_definition": [],
                "widget_layout": []
              },
              {
                "alert_graph_definition": [],
                "alert_value_definition": [],
                "change_definition": [],
                "check_status_definition": [],
                "distribution_definition": [],
                "event_stream_definition": [],
                "event_timeline_definition": [],
                "free_text_definition": [],
                "geomap_definition": [],
                "group_definition": [
                  {
                    "background_color": "",
                    "banner_img": "",
                    "layout_type": "ordered",
                    "show_title": true,
                    "title": "Instance Status",
                    "widget": [
                      {
                        "alert_graph_definition": [],
                        "alert_value_definition": [],
                        "change_definition": [],
                        "check_status_definition": [],
                        "distribution_definition": [],
                        "event_stream_definition": [],
                        "event_timeline_definition": [],
                        "free_text_definition": [],
                        "geomap_definition": [],
                        "heatmap_definition": [],
                        "hostmap_definition": [],
                        "id": 1082975551046944,
                        "iframe_definition": [],
                        "image_definition": [],
                        "list_stream_definition": [],
                        "log_stream_definition": [],
                        "manage_status_definition": [],
                        "note_definition": [],
                        "powerpack_definition": [],
                        "query_table_definition": [],
                        "query_value_definition": [
                          {
                            "autoscale": false,
                            "custom_link": [],
                            "custom_unit": "",
                            "hide_incomplete_cost_data": false,
                            "live_span": "",
                            "precision": 0,
                            "request": [
                              {
                                "aggregator": "last",
                                "apm_query": [],
                                "audit_query": [],
                                "conditional_formats": [],
                                "formula": [],
                                "log_query": [],
                                "process_query": [],
                                "q": "sum:aws.ec2.host_ok{*}",
                                "query": [],
                                "rum_query": [],
                                "security_query": []
                              }
                            ],
                            "text_align": "",
                            "timeseries_background": [],
                            "title": "Running Instances",
                            "title_align": "",
                            "title_size": ""
                          }
                        ],
                        "run_workflow_definition": [],
                        "scatterplot_definition": [],
                        "service_level_objective_definition": [],
                        "servicemap_definition": [],
                        "slo_list_definition": [],
                        "split_graph_definition": [],
                        "sunburst_definition": [],
                        "timeseries_definition": [],
                        "toplist_definition": [],
                        "topology_map_definition": [],
                        "trace_service_definition": [],
                        "treemap_definition": [],
                        "widget_layout": []
                      },
                      {
                        "alert_graph_definition": [],
                        "alert_value_definition": [],
                        "change_definition": [],
                        "check_status_definition": [],
                        "distribution_definition": [],
                        "event_stream_definition": [],
                        "event_timeline_definition": [],
                        "free_text_definition": [],
                        "geomap_definition": [],
                        "heatmap_definition": [],
                        "hostmap_definition": [],
                        "id": 1643107508935787,
                        "iframe_definition": [],
                        "image_definition": [],
                        "list_stream_definition": [],
                        "log_stream_definition": [],
                        "manage_status_definition": [],
                        "note_definition": [],
                        "powerpack_definition": [],
                        "query_table_definition": [],
                        "query_value_definition": [],
                        "run_workflow_definition": [],
                        "scatterplot_definition": [],
                        "service_level_objective_definition": [],
                        "servicemap_definition": [],
                        "slo_list_definition": [],
                        "split_graph_definition": [],
                        "sunburst_definition": [],
                        "timeseries_definition": [
                          {
                            "custom_link": [],
                            "event": [],
                            "hide_incomplete_cost_data": false,
                            "legend_columns": [],
                            "legend_layout": "",
                            "legend_size": "",
                            "live_span": "",
                            "marker": [],
                            "request": [
                              {
                                "apm_query": [],
                                "audit_query": [],
                                "display_type": "bars",
                                "formula": [],
                                "log_query": [],
                                "metadata": [],
                                "network_query": [],
                                "on_right_yaxis": false,
                                "process_query": [],
                                "q": "avg:aws.ec2.status_check_failed{*} by {host}",
                                "query": [],
                                "rum_query": [],
                                "security_query": [],
                                "style": []
                              }
                            ],
                            "right_yaxis": [],
                            "show_legend": false,
                            "title": "Status Check Failed",
                            "title_align": "",
                            "title_size": "",
                            "yaxis": []
                          }
                        ],
                        "toplist_definition": [],
                        "topology_map_definition": [],
                        "trace_service_definition": [],
                        "treemap_definition": [],
                        "widget_layout": []
                      }
                    ]
                  }
                ],
                "heatmap_definition": [],
                "hostmap_definition": [],
                "id": 3878347310001590,
                "iframe_definition": [],
                "image_definition": [],
                "list_stream_definition": [],
                "log_stream_definition": [],
                "manage_status_definition": [],
                "note_definition": [],
                "powerpack_definition": [],
                "query_table_definition": [],
                "query_value_definition": [],
                "run_workflow_definition": [],
                "scatterplot_definition": [],
                "service_level_objective_definition": [],
                "servicemap_definition": [],
                "slo_list_definition": [],
                "split_graph_definition": [],
                "sunburst_definition": [],
                "timeseries_definition": [],
                "toplist_definition": [],
                "topology_map_definition": [],
                "trace_service_definition": [],
                "treemap_definition": [],
                "widget_layout": []
              }
            ]
          },
          "sensitive_attributes": [],
          "identity_schema_version": 0,
          "private": "bnVsbA=="
        }
      ]
    },
    {
      "mode": "managed",
      "type": "datadog_integration_aws",
      "name": "aws_integration",
      "provider": "provider[\"registry.terraform.io/datadog/datadog\"]",
      "instances": [
        {
          "schema_version": 0,
          "attributes": {
            "access_key_id": "",
            "account_id": "649419331748",
            "account_specific_namespace_rules": {},
            "cspm_resource_collection_enabled": "false",
            "excluded_regions": [],
            "extended_resource_collection_enabled": "false",
            "external_id": "bbd7352843fd431ca1c728e5110f5325",
            "filter_tags": [],
            "host_tags": [],
            "id": "649419331748:DatadogIntegrationRole",
            "metrics_collection_enabled": "true",
            "resource_collection_enabled": "false",
            "role_name": "DatadogIntegrationRole",
            "secret_access_key": null
          },
          "sensitive_attributes": [
            [
              {
                "type": "get_attr",
                "value": "secret_access_key"
              }
            ]
          ],
          "identity_schema_version": 0,
          "private": "bnVsbA==",
          "dependencies": [
            "data.aws_caller_identity.current"
          ]
        }
      ]
    },
    {
      "mode": "managed",
      "type": "null_resource",
      "name": "generate_zip",
      "provider": "provider[\"registry.terraform.io/hashicorp/null\"]",
      "instances": [
        {
          "schema_version": 0,
          "attributes": {
            "id": "4901229387680048880",
            "triggers": {
              "always_run": "2026-03-03T10:07:59Z"
            }
          },
          "sensitive_attributes": [],
          "identity_schema_version": 0
        }
      ]
    }
  ],
  "check_results": null
}
